<?xml version="1.0" encoding="utf-8"?>
<Project ToolsVersion="4.0" xmlns="http://schemas.microsoft.com/developer/msbuild/2003">
  <ItemGroup>
    <Filter Include="Source Files">
      <UniqueIdentifier>{d3d369f8-ecc4-418c-a369-a79451bcd542}</UniqueIdentifier>
      <Extensions>cpp;c;cxx;rc;def;r;odl;idl;hpj;bat</Extensions>
    </Filter>
    <Filter Include="Header Files">
      <UniqueIdentifier>{7280f5d2-e0bd-41ee-a4cb-668655e38db5}</UniqueIdentifier>
      <Extensions>h;hpp;hxx;hm;inl</Extensions>
    </Filter>
    <Filter Include="Resource Files">
      <UniqueIdentifier>{669dad93-a75b-4ad5-b283-165b3589d461}</UniqueIdentifier>
      <Extensions>ico;cur;bmp;dlg;rc2;rct;bin;rgs;gif;jpg;jpeg;jpe</Extensions>
    </Filter>
  </ItemGroup>
  <ItemGroup>
    <ClCompile Include="src\audio.cpp">
      <Filter>Source Files</Filter>
    </ClCompile>
    <ClCompile Include="src\audiosystem.cpp">
      <Filter>Source Files</Filter>
    </ClCompile>
    <ClCompile Include="src\bezier.cpp">
      <Filter>Source Files</Filter>
    </ClCompile>
    <ClCompile Include="src\camera.cpp">
      <Filter>Source Files</Filter>
    </ClCompile>
    <ClCompile Include="src\engine.cpp">
      <Filter>Source Files</Filter>
    </ClCompile>
    <ClCompile Include="src\entity.cpp">
      <Filter>Source Files</Filter>
    </ClCompile>
    <ClCompile Include="src\font.cpp">
      <Filter>Source Files</Filter>
    </ClCompile>
    <ClCompile Include="src\Frustum.cpp">
      <Filter>Source Files</Filter>
    </ClCompile>
    <ClCompile Include="src\HiResTimer.cpp">
      <Filter>Source Files</Filter>
    </ClCompile>
    <ClCompile Include="src\InputSystem.cpp">
      <Filter>Source Files</Filter>
    </ClCompile>
    <ClCompile Include="src\Joystick.cpp">
      <Filter>Source Files</Filter>
    </ClCompile>
    <ClCompile Include="src\Keyboard.cpp">
      <Filter>Source Files</Filter>
    </ClCompile>
    <ClCompile Include="src\md2.cpp">
      <Filter>Source Files</Filter>
    </ClCompile>
    <ClCompile Include="src\Mouse.cpp">
      <Filter>Source Files</Filter>
    </ClCompile>
    <ClCompile Include="src\nivel.cpp">
      <Filter>Source Files</Filter>
    </ClCompile>
    <ClCompile Include="src\object.cpp">
      <Filter>Source Files</Filter>
    </ClCompile>
    <ClCompile Include="src\oglwindow.cpp">
      <Filter>Source Files</Filter>
    </ClCompile>
    <ClCompile Include="src\Q3Loader.cpp">
      <Filter>Source Files</Filter>
    </ClCompile>
    <ClCompile Include="src\simpengine.cpp">
      <Filter>Source Files</Filter>
    </ClCompile>
    <ClCompile Include="src\terrain.cpp">
      <Filter>Source Files</Filter>
    </ClCompile>
    <ClCompile Include="src\texture.cpp">
      <Filter>Source Files</Filter>
    </ClCompile>
    <ClCompile Include="src\tree.cpp">
      <Filter>Source Files</Filter>
    </ClCompile>
    <ClCompile Include="src\vector.cpp">
      <Filter>Source Files</Filter>
    </ClCompile>
    <ClCompile Include="src\winmain.cpp">
      <Filter>Source Files</Filter>
    </ClCompile>
    <ClCompile Include="src\world.cpp">
      <Filter>Source Files</Filter>
    </ClCompile>
  </ItemGroup>
  <ItemGroup>
    <ClInclude Include="src\audio.h">
      <Filter>Header Files</Filter>
    </ClInclude>
    <ClInclude Include="src\audiosystem.h">
      <Filter>Header Files</Filter>
    </ClInclude>
    <ClInclude Include="src\bezier.h">
      <Filter>Header Files</Filter>
    </ClInclude>
    <ClInclude Include="src\camera.h">
      <Filter>Header Files</Filter>
    </ClInclude>
    <ClInclude Include="src\engine.h">
      <Filter>Header Files</Filter>
    </ClInclude>
    <ClInclude Include="src\entity.h">
      <Filter>Header Files</Filter>
    </ClInclude>
    <ClInclude Include="src\font.h">
      <Filter>Header Files</Filter>
    </ClInclude>
    <ClInclude Include="src\Frustum.h">
      <Filter>Header Files</Filter>
    </ClInclude>
    <ClInclude Include="src\HiResTimer.h">
      <Filter>Header Files</Filter>
    </ClInclude>
    <ClInclude Include="src\InputSystem.h">
      <Filter>Header Files</Filter>
    </ClInclude>
    <ClInclude Include="src\Joystick.h">
      <Filter>Header Files</Filter>
    </ClInclude>
    <ClInclude Include="src\Keyboard.h">
      <Filter>Header Files</Filter>
    </ClInclude>
    <ClInclude Include="src\md2.h">
      <Filter>Header Files</Filter>
    </ClInclude>
    <ClInclude Include="src\Mouse.h">
      <Filter>Header Files</Filter>
    </ClInclude>
    <ClInclude Include="src\nivel.h">
      <Filter>Header Files</Filter>
    </ClInclude>
    <ClInclude Include="src\object.h">
      <Filter>Header Files</Filter>
    </ClInclude>
    <ClInclude Include="src\oglwindow.h">
      <Filter>Header Files</Filter>
    </ClInclude>
    <ClInclude Include="src\Q3Loader.h">
      <Filter>Header Files</Filter>
    </ClInclude>
    <ClInclude Include="src\simpengine.h">
      <Filter>Header Files</Filter>
    </ClInclude>
    <ClInclude Include="src\terrain.h">
      <Filter>Header Files</Filter>
    </ClInclude>
    <ClInclude Include="src\texture.h">
      <Filter>Header Files</Filter>
    </ClInclude>
    <ClInclude Include="src\tree.h">
      <Filter>Header Files</Filter>
    </ClInclude>
    <ClInclude Include="src\vector.h">
      <Filter>Header Files</Filter>
    </ClInclude>
    <ClInclude Include="src\world.h">
      <Filter>Header Files</Filter>
    </ClInclude>
  </ItemGroup>
</Project>